# This file was autogenerated by Stack.
# You should not edit this file by hand.
# For more information, please see the documentation at:
#   https://docs.haskellstack.org/en/stable/lock_files

packages:
- completed:
    hackage: c-storable-deriving-0.1.3@sha256:510aa8423d6b3df57a39365569195ddc5bd4b04b0ff58ba1345c1f309ae6f89e,1030
    pantry-tree:
      size: 369
      sha256: 17a631450a907af3253c3aa95414239b1adea9c5d9777705d6beab712cdf61a6
  original:
    hackage: c-storable-deriving-0.1.3
snapshots:
- completed:
    size: 444367
    url: https://raw.githubusercontent.com/commercialhaskell/stackage-snapshots/master/nightly/2020/1/6.yaml
    sha256: 53cc08beac90b2e1fdfcde2df030c3452fa696b38015192a4d1ba54f7a8b196a
  original: nightly-2020-01-06
